// !$*UTF8*$!
{
	archiveVersion = 1;
	classes = {
	};
	objectVersion = 46;
	objects = {

/* Begin PBXBuildFile section */
		30BD27541938845500D85E6D /* UIViewController+Rotate.m in Sources */ = {isa = PBXBuildFile; fileRef = 30BD27451938845500D85E6D /* UIViewController+Rotate.m */; };
		30BD27551938845500D85E6D /* backButton_h.png in Resources */ = {isa = PBXBuildFile; fileRef = 30BD27471938845500D85E6D /* backButton_h.png */; };
		30BD27561938845500D85E6D /* backButton_n.png in Resources */ = {isa = PBXBuildFile; fileRef = 30BD27481938845500D85E6D /* backButton_n.png */; };
		30BD27571938845500D85E6D /* edt_alarm_selected.png in Resources */ = {isa = PBXBuildFile; fileRef = 30BD27491938845500D85E6D /* edt_alarm_selected.png */; };
		30BD27581938845500D85E6D /* LYAlbumItem.m in Sources */ = {isa = PBXBuildFile; fileRef = 30BD274B1938845500D85E6D /* LYAlbumItem.m */; };
		30BD27591938845500D85E6D /* LYImagePickerViewController.m in Sources */ = {isa = PBXBuildFile; fileRef = 30BD274D1938845500D85E6D /* LYImagePickerViewController.m */; };
		30BD275A1938845500D85E6D /* LYPhotoCell.m in Sources */ = {isa = PBXBuildFile; fileRef = 30BD274F1938845500D85E6D /* LYPhotoCell.m */; };
		30BD275B1938845500D85E6D /* LYPhotoItem.m in Sources */ = {isa = PBXBuildFile; fileRef = 30BD27511938845500D85E6D /* LYPhotoItem.m */; };
		30BD275C1938845500D85E6D /* LYPhotosViewController.m in Sources */ = {isa = PBXBuildFile; fileRef = 30BD27531938845500D85E6D /* LYPhotosViewController.m */; };
		30C4CA881936DDD90080FAEE /* Foundation.framework in Frameworks */ = {isa = PBXBuildFile; fileRef = 30C4CA871936DDD90080FAEE /* Foundation.framework */; };
		30C4CA8A1936DDD90080FAEE /* CoreGraphics.framework in Frameworks */ = {isa = PBXBuildFile; fileRef = 30C4CA891936DDD90080FAEE /* CoreGraphics.framework */; };
		30C4CA8C1936DDD90080FAEE /* UIKit.framework in Frameworks */ = {isa = PBXBuildFile; fileRef = 30C4CA8B1936DDD90080FAEE /* UIKit.framework */; };
		30C4CA921936DDD90080FAEE /* InfoPlist.strings in Resources */ = {isa = PBXBuildFile; fileRef = 30C4CA901936DDD90080FAEE /* InfoPlist.strings */; };
		30C4CA941936DDD90080FAEE /* main.m in Sources */ = {isa = PBXBuildFile; fileRef = 30C4CA931936DDD90080FAEE /* main.m */; };
		30C4CA981936DDD90080FAEE /* LYAppDelegate.m in Sources */ = {isa = PBXBuildFile; fileRef = 30C4CA971936DDD90080FAEE /* LYAppDelegate.m */; };
		30C4CA9A1936DDD90080FAEE /* Images.xcassets in Resources */ = {isa = PBXBuildFile; fileRef = 30C4CA991936DDD90080FAEE /* Images.xcassets */; };
		30C4CAA11936DDD90080FAEE /* XCTest.framework in Frameworks */ = {isa = PBXBuildFile; fileRef = 30C4CAA01936DDD90080FAEE /* XCTest.framework */; };
		30C4CAA21936DDD90080FAEE /* Foundation.framework in Frameworks */ = {isa = PBXBuildFile; fileRef = 30C4CA871936DDD90080FAEE /* Foundation.framework */; };
		30C4CAA31936DDD90080FAEE /* UIKit.framework in Frameworks */ = {isa = PBXBuildFile; fileRef = 30C4CA8B1936DDD90080FAEE /* UIKit.framework */; };
		30C4CAAB1936DDD90080FAEE /* InfoPlist.strings in Resources */ = {isa = PBXBuildFile; fileRef = 30C4CAA91936DDD90080FAEE /* InfoPlist.strings */; };
		30C4CAAD1936DDD90080FAEE /* LYImagePickView_DemoTests.m in Sources */ = {isa = PBXBuildFile; fileRef = 30C4CAAC1936DDD90080FAEE /* LYImagePickView_DemoTests.m */; };
		30C4CAB81936DDF00080FAEE /* RootViewController.m in Sources */ = {isa = PBXBuildFile; fileRef = 30C4CAB71936DDF00080FAEE /* RootViewController.m */; };
		30C4CABD1936E6C60080FAEE /* AssetsLibrary.framework in Frameworks */ = {isa = PBXBuildFile; fileRef = 30C4CABC1936E6C60080FAEE /* AssetsLibrary.framework */; };
/* End PBXBuildFile section */

/* Begin PBXContainerItemProxy section */
		30C4CAA41936DDD90080FAEE /* PBXContainerItemProxy */ = {
			isa = PBXContainerItemProxy;
			containerPortal = 30C4CA7C1936DDD90080FAEE /* Project object */;
			proxyType = 1;
			remoteGlobalIDString = 30C4CA831936DDD90080FAEE;
			remoteInfo = LYImagePickView_Demo;
		};
/* End PBXContainerItemProxy section */

/* Begin PBXFileReference section */
		30BD27441938845500D85E6D /* UIViewController+Rotate.h */ = {isa = PBXFileReference; fileEncoding = 4; lastKnownFileType = sourcecode.c.h; path = "UIViewController+Rotate.h"; sourceTree = "<group>"; };
		30BD27451938845500D85E6D /* UIViewController+Rotate.m */ = {isa = PBXFileReference; fileEncoding = 4; lastKnownFileType = sourcecode.c.objc; path = "UIViewController+Rotate.m"; sourceTree = "<group>"; };
		30BD27471938845500D85E6D /* backButton_h.png */ = {isa = PBXFileReference; lastKnownFileType = image.png; path = backButton_h.png; sourceTree = "<group>"; };
		30BD27481938845500D85E6D /* backButton_n.png */ = {isa = PBXFileReference; lastKnownFileType = image.png; path = backButton_n.png; sourceTree = "<group>"; };
		30BD27491938845500D85E6D /* edt_alarm_selected.png */ = {isa = PBXFileReference; lastKnownFileType = image.png; path = edt_alarm_selected.png; sourceTree = "<group>"; };
		30BD274A1938845500D85E6D /* LYAlbumItem.h */ = {isa = PBXFileReference; fileEncoding = 4; lastKnownFileType = sourcecode.c.h; path = LYAlbumItem.h; sourceTree = "<group>"; };
		30BD274B1938845500D85E6D /* LYAlbumItem.m */ = {isa = PBXFileReference; fileEncoding = 4; lastKnownFileType = sourcecode.c.objc; path = LYAlbumItem.m; sourceTree = "<group>"; };
		30BD274C1938845500D85E6D /* LYImagePickerViewController.h */ = {isa = PBXFileReference; fileEncoding = 4; lastKnownFileType = sourcecode.c.h; path = LYImagePickerViewController.h; sourceTree = "<group>"; };
		30BD274D1938845500D85E6D /* LYImagePickerViewController.m */ = {isa = PBXFileReference; fileEncoding = 4; lastKnownFileType = sourcecode.c.objc; path = LYImagePickerViewController.m; sourceTree = "<group>"; };
		30BD274E1938845500D85E6D /* LYPhotoCell.h */ = {isa = PBXFileReference; fileEncoding = 4; lastKnownFileType = sourcecode.c.h; path = LYPhotoCell.h; sourceTree = "<group>"; };
		30BD274F1938845500D85E6D /* LYPhotoCell.m */ = {isa = PBXFileReference; fileEncoding = 4; lastKnownFileType = sourcecode.c.objc; path = LYPhotoCell.m; sourceTree = "<group>"; };
		30BD27501938845500D85E6D /* LYPhotoItem.h */ = {isa = PBXFileReference; fileEncoding = 4; lastKnownFileType = sourcecode.c.h; path = LYPhotoItem.h; sourceTree = "<group>"; };
		30BD27511938845500D85E6D /* LYPhotoItem.m */ = {isa = PBXFileReference; fileEncoding = 4; lastKnownFileType = sourcecode.c.objc; path = LYPhotoItem.m; sourceTree = "<group>"; };
		30BD27521938845500D85E6D /* LYPhotosViewController.h */ = {isa = PBXFileReference; fileEncoding = 4; lastKnownFileType = sourcecode.c.h; path = LYPhotosViewController.h; sourceTree = "<group>"; };
		30BD27531938845500D85E6D /* LYPhotosViewController.m */ = {isa = PBXFileReference; fileEncoding = 4; lastKnownFileType = sourcecode.c.objc; path = LYPhotosViewController.m; sourceTree = "<group>"; };
		30C4CA841936DDD90080FAEE /* LYImagePickView_Demo.app */ = {isa = PBXFileReference; explicitFileType = wrapper.application; includeInIndex = 0; path = LYImagePickView_Demo.app; sourceTree = BUILT_PRODUCTS_DIR; };
		30C4CA871936DDD90080FAEE /* Foundation.framework */ = {isa = PBXFileReference; lastKnownFileType = wrapper.framework; name = Foundation.framework; path = System/Library/Frameworks/Foundation.framework; sourceTree = SDKROOT; };
		30C4CA891936DDD90080FAEE /* CoreGraphics.framework */ = {isa = PBXFileReference; lastKnownFileType = wrapper.framework; name = CoreGraphics.framework; path = System/Library/Frameworks/CoreGraphics.framework; sourceTree = SDKROOT; };
		30C4CA8B1936DDD90080FAEE /* UIKit.framework */ = {isa = PBXFileReference; lastKnownFileType = wrapper.framework; name = UIKit.framework; path = System/Library/Frameworks/UIKit.framework; sourceTree = SDKROOT; };
		30C4CA8F1936DDD90080FAEE /* LYImagePickView_Demo-Info.plist */ = {isa = PBXFileReference; lastKnownFileType = text.plist.xml; path = "LYImagePickView_Demo-Info.plist"; sourceTree = "<group>"; };
		30C4CA911936DDD90080FAEE /* en */ = {isa = PBXFileReference; lastKnownFileType = text.plist.strings; name = en; path = en.lproj/InfoPlist.strings; sourceTree = "<group>"; };
		30C4CA931936DDD90080FAEE /* main.m */ = {isa = PBXFileReference; lastKnownFileType = sourcecode.c.objc; path = main.m; sourceTree = "<group>"; };
		30C4CA951936DDD90080FAEE /* LYImagePickView_Demo-Prefix.pch */ = {isa = PBXFileReference; lastKnownFileType = sourcecode.c.h; path = "LYImagePickView_Demo-Prefix.pch"; sourceTree = "<group>"; };
		30C4CA961936DDD90080FAEE /* LYAppDelegate.h */ = {isa = PBXFileReference; lastKnownFileType = sourcecode.c.h; path = LYAppDelegate.h; sourceTree = "<group>"; };
		30C4CA971936DDD90080FAEE /* LYAppDelegate.m */ = {isa = PBXFileReference; lastKnownFileType = sourcecode.c.objc; path = LYAppDelegate.m; sourceTree = "<group>"; };
		30C4CA991936DDD90080FAEE /* Images.xcassets */ = {isa = PBXFileReference; lastKnownFileType = folder.assetcatalog; path = Images.xcassets; sourceTree = "<group>"; };
		30C4CA9F1936DDD90080FAEE /* LYImagePickView_DemoTests.xctest */ = {isa = PBXFileReference; explicitFileType = wrapper.cfbundle; includeInIndex = 0; path = LYImagePickView_DemoTests.xctest; sourceTree = BUILT_PRODUCTS_DIR; };
		30C4CAA01936DDD90080FAEE /* XCTest.framework */ = {isa = PBXFileReference; lastKnownFileType = wrapper.framework; name = XCTest.framework; path = Library/Frameworks/XCTest.framework; sourceTree = DEVELOPER_DIR; };
		30C4CAA81936DDD90080FAEE /* LYImagePickView_DemoTests-Info.plist */ = {isa = PBXFileReference; lastKnownFileType = text.plist.xml; path = "LYImagePickView_DemoTests-Info.plist"; sourceTree = "<group>"; };
		30C4CAAA1936DDD90080FAEE /* en */ = {isa = PBXFileReference; lastKnownFileType = text.plist.strings; name = en; path = en.lproj/InfoPlist.strings; sourceTree = "<group>"; };
		30C4CAAC1936DDD90080FAEE /* LYImagePickView_DemoTests.m */ = {isa = PBXFileReference; lastKnownFileType = sourcecode.c.objc; path = LYImagePickView_DemoTests.m; sourceTree = "<group>"; };
		30C4CAB61936DDF00080FAEE /* RootViewController.h */ = {isa = PBXFileReference; fileEncoding = 4; lastKnownFileType = sourcecode.c.h; path = RootViewController.h; sourceTree = "<group>"; };
		30C4CAB71936DDF00080FAEE /* RootViewController.m */ = {isa = PBXFileReference; fileEncoding = 4; lastKnownFileType = sourcecode.c.objc; path = RootViewController.m; sourceTree = "<group>"; };
		30C4CABC1936E6C60080FAEE /* AssetsLibrary.framework */ = {isa = PBXFileReference; lastKnownFileType = wrapper.framework; name = AssetsLibrary.framework; path = System/Library/Frameworks/AssetsLibrary.framework; sourceTree = SDKROOT; };
/* End PBXFileReference section */

/* Begin PBXFrameworksBuildPhase section */
		30C4CA811936DDD90080FAEE /* Frameworks */ = {
			isa = PBXFrameworksBuildPhase;
			buildActionMask = 2147483647;
			files = (
				30C4CABD1936E6C60080FAEE /* AssetsLibrary.framework in Frameworks */,
				30C4CA8A1936DDD90080FAEE /* CoreGraphics.framework in Frameworks */,
				30C4CA8C1936DDD90080FAEE /* UIKit.framework in Frameworks */,
				30C4CA881936DDD90080FAEE /* Foundation.framework in Frameworks */,
			);
			runOnlyForDeploymentPostprocessing = 0;
		};
		30C4CA9C1936DDD90080FAEE /* Frameworks */ = {
			isa = PBXFrameworksBuildPhase;
			buildActionMask = 2147483647;
			files = (
				30C4CAA11936DDD90080FAEE /* XCTest.framework in Frameworks */,
				30C4CAA31936DDD90080FAEE /* UIKit.framework in Frameworks */,
				30C4CAA21936DDD90080FAEE /* Foundation.framework in Frameworks */,
			);
			runOnlyForDeploymentPostprocessing = 0;
		};
/* End PBXFrameworksBuildPhase section */

/* Begin PBXGroup section */
		30BD27431938845500D85E6D /* Category */ = {
			isa = PBXGroup;
			children = (
				30BD27441938845500D85E6D /* UIViewController+Rotate.h */,
				30BD27451938845500D85E6D /* UIViewController+Rotate.m */,
			);
			path = Category;
			sourceTree = "<group>";
		};
		30BD27461938845500D85E6D /* LYImagePickerViewController */ = {
			isa = PBXGroup;
			children = (
				30BD274C1938845500D85E6D /* LYImagePickerViewController.h */,
				30BD274D1938845500D85E6D /* LYImagePickerViewController.m */,
				30BD27521938845500D85E6D /* LYPhotosViewController.h */,
				30BD27531938845500D85E6D /* LYPhotosViewController.m */,
				30BD274A1938845500D85E6D /* LYAlbumItem.h */,
				30BD274B1938845500D85E6D /* LYAlbumItem.m */,
				30BD274E1938845500D85E6D /* LYPhotoCell.h */,
				30BD274F1938845500D85E6D /* LYPhotoCell.m */,
				30BD27501938845500D85E6D /* LYPhotoItem.h */,
				30BD27511938845500D85E6D /* LYPhotoItem.m */,
				30BD27471938845500D85E6D /* backButton_h.png */,
				30BD27481938845500D85E6D /* backButton_n.png */,
				30BD27491938845500D85E6D /* edt_alarm_selected.png */,
			);
			path = LYImagePickerViewController;
			sourceTree = "<group>";
		};
		30C4CA7B1936DDD90080FAEE = {
			isa = PBXGroup;
			children = (
				30C4CA8D1936DDD90080FAEE /* LYImagePickView_Demo */,
				30C4CAA61936DDD90080FAEE /* LYImagePickView_DemoTests */,
				30C4CA861936DDD90080FAEE /* Frameworks */,
				30C4CA851936DDD90080FAEE /* Products */,
			);
			sourceTree = "<group>";
		};
		30C4CA851936DDD90080FAEE /* Products */ = {
			isa = PBXGroup;
			children = (
				30C4CA841936DDD90080FAEE /* LYImagePickView_Demo.app */,
				30C4CA9F1936DDD90080FAEE /* LYImagePickView_DemoTests.xctest */,
			);
			name = Products;
			sourceTree = "<group>";
		};
		30C4CA861936DDD90080FAEE /* Frameworks */ = {
			isa = PBXGroup;
			children = (
				30C4CABC1936E6C60080FAEE /* AssetsLibrary.framework */,
				30C4CA871936DDD90080FAEE /* Foundation.framework */,
				30C4CA891936DDD90080FAEE /* CoreGraphics.framework */,
				30C4CA8B1936DDD90080FAEE /* UIKit.framework */,
				30C4CAA01936DDD90080FAEE /* XCTest.framework */,
			);
			name = Frameworks;
			sourceTree = "<group>";
		};
		30C4CA8D1936DDD90080FAEE /* LYImagePickView_Demo */ = {
			isa = PBXGroup;
			children = (
				30C4CA961936DDD90080FAEE /* LYAppDelegate.h */,
				30C4CA971936DDD90080FAEE /* LYAppDelegate.m */,
				30C4CAB61936DDF00080FAEE /* RootViewController.h */,
				30C4CAB71936DDF00080FAEE /* RootViewController.m */,
				30BD27461938845500D85E6D /* LYImagePickerViewController */,
				30BD27431938845500D85E6D /* Category */,
				30C4CA991936DDD90080FAEE /* Images.xcassets */,
				30C4CA8E1936DDD90080FAEE /* Supporting Files */,
			);
			path = LYImagePickView_Demo;
			sourceTree = "<group>";
		};
		30C4CA8E1936DDD90080FAEE /* Supporting Files */ = {
			isa = PBXGroup;
			children = (
				30C4CA8F1936DDD90080FAEE /* LYImagePickView_Demo-Info.plist */,
				30C4CA901936DDD90080FAEE /* InfoPlist.strings */,
				30C4CA931936DDD90080FAEE /* main.m */,
				30C4CA951936DDD90080FAEE /* LYImagePickView_Demo-Prefix.pch */,
			);
			name = "Supporting Files";
			sourceTree = "<group>";
		};
		30C4CAA61936DDD90080FAEE /* LYImagePickView_DemoTests */ = {
			isa = PBXGroup;
			children = (
				30C4CAAC1936DDD90080FAEE /* LYImagePickView_DemoTests.m */,
				30C4CAA71936DDD90080FAEE /* Supporting Files */,
			);
			path = LYImagePickView_DemoTests;
			sourceTree = "<group>";
		};
		30C4CAA71936DDD90080FAEE /* Supporting Files */ = {
			isa = PBXGroup;
			children = (
				30C4CAA81936DDD90080FAEE /* LYImagePickView_DemoTests-Info.plist */,
				30C4CAA91936DDD90080FAEE /* InfoPlist.strings */,
			);
			name = "Supporting Files";
			sourceTree = "<group>";
		};
/* End PBXGroup section */

/* Begin PBXNativeTarget section */
		30C4CA831936DDD90080FAEE /* LYImagePickView_Demo */ = {
			isa = PBXNativeTarget;
			buildConfigurationList = 30C4CAB01936DDD90080FAEE /* Build configuration list for PBXNativeTarget "LYImagePickView_Demo" */;
			buildPhases = (
				30C4CA801936DDD90080FAEE /* Sources */,
				30C4CA811936DDD90080FAEE /* Frameworks */,
				30C4CA821936DDD90080FAEE /* Resources */,
			);
			buildRules = (
			);
			dependencies = (
			);
			name = LYImagePickView_Demo;
			productName = LYImagePickView_Demo;
			productReference = 30C4CA841936DDD90080FAEE /* LYImagePickView_Demo.app */;
			productType = "com.apple.product-type.application";
		};
		30C4CA9E1936DDD90080FAEE /* LYImagePickView_DemoTests */ = {
			isa = PBXNativeTarget;
			buildConfigurationList = 30C4CAB31936DDD90080FAEE /* Build configuration list for PBXNativeTarget "LYImagePickView_DemoTests" */;
			buildPhases = (
				30C4CA9B1936DDD90080FAEE /* Sources */,
				30C4CA9C1936DDD90080FAEE /* Frameworks */,
				30C4CA9D1936DDD90080FAEE /* Resources */,
			);
			buildRules = (
			);
			dependencies = (
				30C4CAA51936DDD90080FAEE /* PBXTargetDependency */,
			);
			name = LYImagePickView_DemoTests;
			productName = LYImagePickView_DemoTests;
			productReference = 30C4CA9F1936DDD90080FAEE /* LYImagePickView_DemoTests.xctest */;
			productType = "com.apple.product-type.bundle.unit-test";
		};
/* End PBXNativeTarget section */

/* Begin PBXProject section */
		30C4CA7C1936DDD90080FAEE /* Project object */ = {
			isa = PBXProject;
			attributes = {
				CLASSPREFIX = LY;
				LastUpgradeCheck = 0510;
				ORGANIZATIONNAME = "老岳";
				TargetAttributes = {
					30C4CA9E1936DDD90080FAEE = {
						TestTargetID = 30C4CA831936DDD90080FAEE;
					};
				};
			};
			buildConfigurationList = 30C4CA7F1936DDD90080FAEE /* Build configuration list for PBXProject "LYImagePickView_Demo" */;
			compatibilityVersion = "Xcode 3.2";
			developmentRegion = English;
			hasScannedForEncodings = 0;
			knownRegions = (
				en,
			);
			mainGroup = 30C4CA7B1936DDD90080FAEE;
			productRefGroup = 30C4CA851936DDD90080FAEE /* Products */;
			projectDirPath = "";
			projectRoot = "";
			targets = (
				30C4CA831936DDD90080FAEE /* LYImagePickView_Demo */,
				30C4CA9E1936DDD90080FAEE /* LYImagePickView_DemoTests */,
			);
		};
/* End PBXProject section */

/* Begin PBXResourcesBuildPhase section */
		30C4CA821936DDD90080FAEE /* Resources */ = {
			isa = PBXResourcesBuildPhase;
			buildActionMask = 2147483647;
			files = (
				30C4CA921936DDD90080FAEE /* InfoPlist.strings in Resources */,
				30BD27561938845500D85E6D /* backButton_n.png in Resources */,
				30BD27571938845500D85E6D /* edt_alarm_selected.png in Resources */,
				30BD27551938845500D85E6D /* backButton_h.png in Resources */,
				30C4CA9A1936DDD90080FAEE /* Images.xcassets in Resources */,
			);
			runOnlyForDeploymentPostprocessing = 0;
		};
		30C4CA9D1936DDD90080FAEE /* Resources */ = {
			isa = PBXResourcesBuildPhase;
			buildActionMask = 2147483647;
			files = (
				30C4CAAB1936DDD90080FAEE /* InfoPlist.strings in Resources */,
			);
			runOnlyForDeploymentPostprocessing = 0;
		};
/* End PBXResourcesBuildPhase section */

/* Begin PBXSourcesBuildPhase section */
		30C4CA801936DDD90080FAEE /* Sources */ = {
			isa = PBXSourcesBuildPhase;
			buildActionMask = 2147483647;
			files = (
				30C4CA941936DDD90080FAEE /* main.m in Sources */,
				30BD27591938845500D85E6D /* LYImagePickerViewController.m in Sources */,
				30C4CA981936DDD90080FAEE /* LYAppDelegate.m in Sources */,
				30C4CAB81936DDF00080FAEE /* RootViewController.m in Sources */,
				30BD275C1938845500D85E6D /* LYPhotosViewController.m in Sources */,
				30BD27541938845500D85E6D /* UIViewController+Rotate.m in Sources */,
				30BD275A1938845500D85E6D /* LYPhotoCell.m in Sources */,
				30BD275B1938845500D85E6D /* LYPhotoItem.m in Sources */,
				30BD27581938845500D85E6D /* LYAlbumItem.m in Sources */,
			);
			runOnlyForDeploymentPostprocessing = 0;
		};
		30C4CA9B1936DDD90080FAEE /* Sources */ = {
			isa = PBXSourcesBuildPhase;
			buildActionMask = 2147483647;
			files = (
				30C4CAAD1936DDD90080FAEE /* LYImagePickView_DemoTests.m in Sources */,
			);
			runOnlyForDeploymentPostprocessing = 0;
		};
/* End PBXSourcesBuildPhase section */

/* Begin PBXTargetDependency section */
		30C4CAA51936DDD90080FAEE /* PBXTargetDependency */ = {
			isa = PBXTargetDependency;
			target = 30C4CA831936DDD90080FAEE /* LYImagePickView_Demo */;
			targetProxy = 30C4CAA41936DDD90080FAEE /* PBXContainerItemProxy */;
		};
/* End PBXTargetDependency section */

/* Begin PBXVariantGroup section */
		30C4CA901936DDD90080FAEE /* InfoPlist.strings */ = {
			isa = PBXVariantGroup;
			children = (
				30C4CA911936DDD90080FAEE /* en */,
			);
			name = InfoPlist.strings;
			sourceTree = "<group>";
		};
		30C4CAA91936DDD90080FAEE /* InfoPlist.strings */ = {
			isa = PBXVariantGroup;
			children = (
				30C4CAAA1936DDD90080FAEE /* en */,
			);
			name = InfoPlist.strings;
			sourceTree = "<group>";
		};
/* End PBXVariantGroup section */

/* Begin XCBuildConfiguration section */
		30C4CAAE1936DDD90080FAEE /* Debug */ = {
			isa = XCBuildConfiguration;
			buildSettings = {
				ALWAYS_SEARCH_USER_PATHS = NO;
				CLANG_CXX_LANGUAGE_STANDARD = "gnu++0x";
				CLANG_CXX_LIBRARY = "libc++";
				CLANG_ENABLE_MODULES = YES;
				CLANG_ENABLE_OBJC_ARC = YES;
				CLANG_WARN_BOOL_CONVERSION = YES;
				CLANG_WARN_CONSTANT_CONVERSION = YES;
				CLANG_WARN_DIRECT_OBJC_ISA_USAGE = YES_ERROR;
				CLANG_WARN_EMPTY_BODY = YES;
				CLANG_WARN_ENUM_CONVERSION = YES;
				CLANG_WARN_INT_CONVERSION = YES;
				CLANG_WARN_OBJC_ROOT_CLASS = YES_ERROR;
				CLANG_WARN__DUPLICATE_METHOD_MATCH = YES;
				"CODE_SIGN_IDENTITY[sdk=iphoneos*]" = "iPhone Developer";
				COPY_PHASE_STRIP = NO;
				GCC_C_LANGUAGE_STANDARD = gnu99;
				GCC_DYNAMIC_NO_PIC = NO;
				GCC_OPTIMIZATION_LEVEL = 0;
				GCC_PREPROCESSOR_DEFINITIONS = (
					"DEBUG=1",
					"$(inherited)",
				);
				GCC_SYMBOLS_PRIVATE_EXTERN = NO;
				GCC_WARN_64_TO_32_BIT_CONVERSION = YES;
				GCC_WARN_ABOUT_RETURN_TYPE = YES_ERROR;
				GCC_WARN_UNDECLARED_SELECTOR = YES;
				GCC_WARN_UNINITIALIZED_AUTOS = YES_AGGRESSIVE;
				GCC_WARN_UNUSED_FUNCTION = YES;
				GCC_WARN_UNUSED_VARIABLE = YES;
				IPHONEOS_DEPLOYMENT_TARGET = 7.1;
				ONLY_ACTIVE_ARCH = YES;
				SDKROOT = iphoneos;
			};
			name = Debug;
		};
		30C4CAAF1936DDD90080FAEE /* Release */ = {
			isa = XCBuildConfiguration;
			buildSettings = {
				ALWAYS_SEARCH_USER_PATHS = NO;
				CLANG_CXX_LANGUAGE_STANDARD = "gnu++0x";
				CLANG_CXX_LIBRARY = "libc++";
				CLANG_ENABLE_MODULES = YES;
				CLANG_ENABLE_OBJC_ARC = YES;
				CLANG_WARN_BOOL_CONVERSION = YES;
				CLANG_WARN_CONSTANT_CONVERSION = YES;
				CLANG_WARN_DIRECT_OBJC_ISA_USAGE = YES_ERROR;
				CLANG_WARN_EMPTY_BODY = YES;
				CLANG_WARN_ENUM_CONVERSION = YES;
				CLANG_WARN_INT_CONVERSION = YES;
				CLANG_WARN_OBJC_ROOT_CLASS = YES_ERROR;
				CLANG_WARN__DUPLICATE_METHOD_MATCH = YES;
				"CODE_SIGN_IDENTITY[sdk=iphoneos*]" = "iPhone Developer";
				COPY_PHASE_STRIP = YES;
				ENABLE_NS_ASSERTIONS = NO;
				GCC_C_LANGUAGE_STANDARD = gnu99;
				GCC_WARN_64_TO_32_BIT_CONVERSION = YES;
				GCC_WARN_ABOUT_RETURN_TYPE = YES_ERROR;
				GCC_WARN_UNDECLARED_SELECTOR = YES;
				GCC_WARN_UNINITIALIZED_AUTOS = YES_AGGRESSIVE;
				GCC_WARN_UNUSED_FUNCTION = YES;
				GCC_WARN_UNUSED_VARIABLE = YES;
				IPHONEOS_DEPLOYMENT_TARGET = 7.1;
				SDKROOT = iphoneos;
				VALIDATE_PRODUCT = YES;
			};
			name = Release;
		};
		30C4CAB11936DDD90080FAEE /* Debug */ = {
			isa = XCBuildConfiguration;
			buildSettings = {
				ASSETCATALOG_COMPILER_APPICON_NAME = AppIcon;
				ASSETCATALOG_COMPILER_LAUNCHIMAGE_NAME = LaunchImage;
				GCC_PRECOMPILE_PREFIX_HEADER = YES;
				GCC_PREFIX_HEADER = "LYImagePickView_Demo/LYImagePickView_Demo-Prefix.pch";
				INFOPLIST_FILE = "LYImagePickView_Demo/LYImagePickView_Demo-Info.plist";
				IPHONEOS_DEPLOYMENT_TARGET = 6.0;
				PRODUCT_NAME = "$(TARGET_NAME)";
				WRAPPER_EXTENSION = app;
			};
			name = Debug;
		};
		30C4CAB21936DDD90080FAEE /* Release */ = {
			isa = XCBuildConfiguration;
			buildSettings = {
				ASSETCATALOG_COMPILER_APPICON_NAME = AppIcon;
				ASSETCATALOG_COMPILER_LAUNCHIMAGE_NAME = LaunchImage;
				GCC_PRECOMPILE_PREFIX_HEADER = YES;
				GCC_PREFIX_HEADER = "LYImagePickView_Demo/LYImagePickView_Demo-Prefix.pch";
				INFOPLIST_FILE = "LYImagePickView_Demo/LYImagePickView_Demo-Info.plist";
				IPHONEOS_DEPLOYMENT_TARGET = 6.0;
				PRODUCT_NAME = "$(TARGET_NAME)";
				WRAPPER_EXTENSION = app;
			};
			name = Release;
		};
		30C4CAB41936DDD90080FAEE /* Debug */ = {
			isa = XCBuildConfiguration;
			buildSettings = {
				BUNDLE_LOADER = "$(BUILT_PRODUCTS_DIR)/LYImagePickView_Demo.app/LYImagePickView_Demo";
				FRAMEWORK_SEARCH_PATHS = (
					"$(SDKROOT)/Developer/Library/Frameworks",
					"$(inherited)",
					"$(DEVELOPER_FRAMEWORKS_DIR)",
				);
				GCC_PRECOMPILE_PREFIX_HEADER = YES;
				GCC_PREFIX_HEADER = "LYImagePickView_Demo/LYImagePickView_Demo-Prefix.pch";
				GCC_PREPROCESSOR_DEFINITIONS = (
					"DEBUG=1",
					"$(inherited)",
				);
				INFOPLIST_FILE = "LYImagePickView_DemoTests/LYImagePickView_DemoTests-Info.plist";
				PRODUCT_NAME = "$(TARGET_NAME)";
				TEST_HOST = "$(BUNDLE_LOADER)";
				WRAPPER_EXTENSION = xctest;
			};
			name = Debug;
		};
		30C4CAB51936DDD90080FAEE /* Release */ = {
			isa = XCBuildConfiguration;
			buildSettings = {
				BUNDLE_LOADER = "$(BUILT_PRODUCTS_DIR)/LYImagePickView_Demo.app/LYImagePickView_Demo";
				FRAMEWORK_SEARCH_PATHS = (
					"$(SDKROOT)/Developer/Library/Frameworks",
					"$(inherited)",
					"$(DEVELOPER_FRAMEWORKS_DIR)",
				);
				GCC_PRECOMPILE_PREFIX_HEADER = YES;
				GCC_PREFIX_HEADER = "LYImagePickView_Demo/LYImagePickView_Demo-Prefix.pch";
				INFOPLIST_FILE = "LYImagePickView_DemoTests/LYImagePickView_DemoTests-Info.plist";
				PRODUCT_NAME = "$(TARGET_NAME)";
				TEST_HOST = "$(BUNDLE_LOADER)";
				WRAPPER_EXTENSION = xctest;
			};
			name = Release;
		};
/* End XCBuildConfiguration section */

/* Begin XCConfigurationList section */
		30C4CA7F1936DDD90080FAEE /* Build configuration list for PBXProject "LYImagePickView_Demo" */ = {
			isa = XCConfigurationList;
			buildConfigurations = (
				30C4CAAE1936DDD90080FAEE /* Debug */,
				30C4CAAF1936DDD90080FAEE /* Release */,
			);
			defaultConfigurationIsVisible = 0;
			defaultConfigurationName = Release;
		};
		30C4CAB01936DDD90080FAEE /* Build configuration list for PBXNativeTarget "LYImagePickView_Demo" */ = {
			isa = XCConfigurationList;
			buildConfigurations = (
				30C4CAB11936DDD90080FAEE /* Debug */,
				30C4CAB21936DDD90080FAEE /* Release */,
			);
			defaultConfigurationIsVisible = 0;
			defaultConfigurationName = Release;
		};
		30C4CAB31936DDD90080FAEE /* Build configuration list for PBXNativeTarget "LYImagePickView_DemoTests" */ = {
			isa = XCConfigurationList;
			buildConfigurations = (
				30C4CAB41936DDD90080FAEE /* Debug */,
				30C4CAB51936DDD90080FAEE /* Release */,
			);
			defaultConfigurationIsVisible = 0;
			defaultConfigurationName = Release;
		};
/* End XCConfigurationList section */
	};
	rootObject = 30C4CA7C1936DDD90080FAEE /* Project object */;
}
